// !$*UTF8*$!
{
	archiveVersion = 1;
	classes = {
	};
	objectVersion = 46;
	objects = {

/* Begin PBXBuildFile section */
		AF07B1321EFAB23E00CB9EB4 /* RMCoreDriveController.h in Headers */ = {isa = PBXBuildFile; fileRef = AF07AE341EFAB23D00CB9EB4 /* RMCoreDriveController.h */; };
		AF07B1331EFAB23E00CB9EB4 /* RMCoreDriveController.m in Sources */ = {isa = PBXBuildFile; fileRef = AF07AE351EFAB23D00CB9EB4 /* RMCoreDriveController.m */; };
		AF07B1341EFAB23E00CB9EB4 /* RMCoreDifferentialDrive.h in Headers */ = {isa = PBXBuildFile; fileRef = AF07AE361EFAB23D00CB9EB4 /* RMCoreDifferentialDrive.h */; };
		AF07B1351EFAB23E00CB9EB4 /* RMCoreDifferentialDrive.m in Sources */ = {isa = PBXBuildFile; fileRef = AF07AE371EFAB23D00CB9EB4 /* RMCoreDifferentialDrive.m */; };
		AF07B1361EFAB23E00CB9EB4 /* RMCoreHeadTilt.h in Headers */ = {isa = PBXBuildFile; fileRef = AF07AE391EFAB23D00CB9EB4 /* RMCoreHeadTilt.h */; };
		AF07B1371EFAB23E00CB9EB4 /* RMCoreHeadTilt.m in Sources */ = {isa = PBXBuildFile; fileRef = AF07AE3A1EFAB23D00CB9EB4 /* RMCoreHeadTilt.m */; };
		AF07B1381EFAB23E00CB9EB4 /* RMCoreMotor.h in Headers */ = {isa = PBXBuildFile; fileRef = AF07AE3B1EFAB23D00CB9EB4 /* RMCoreMotor.h */; settings = {ATTRIBUTES = (Public, ); }; };
		AF07B1391EFAB23E00CB9EB4 /* RMCoreMotor.m in Sources */ = {isa = PBXBuildFile; fileRef = AF07AE3C1EFAB23D00CB9EB4 /* RMCoreMotor.m */; };
		AF07B13A1EFAB23E00CB9EB4 /* RMCoreMotor_Internal.h in Headers */ = {isa = PBXBuildFile; fileRef = AF07AE3D1EFAB23D00CB9EB4 /* RMCoreMotor_Internal.h */; };
		AF07B13B1EFAB23E00CB9EB4 /* ChargingStates.h in Headers */ = {isa = PBXBuildFile; fileRef = AF07AE401EFAB23D00CB9EB4 /* ChargingStates.h */; settings = {ATTRIBUTES = (Public, ); }; };
		AF07B13C1EFAB23E00CB9EB4 /* DeviceModes.h in Headers */ = {isa = PBXBuildFile; fileRef = AF07AE411EFAB23D00CB9EB4 /* DeviceModes.h */; settings = {ATTRIBUTES = (Public, ); }; };
		AF07B13D1EFAB23E00CB9EB4 /* EEPROMDefs.h in Headers */ = {isa = PBXBuildFile; fileRef = AF07AE421EFAB23D00CB9EB4 /* EEPROMDefs.h */; };
		AF07B13E1EFAB23E00CB9EB4 /* InfoTypes.h in Headers */ = {isa = PBXBuildFile; fileRef = AF07AE431EFAB23D00CB9EB4 /* InfoTypes.h */; settings = {ATTRIBUTES = (Public, ); }; };
		AF07B13F1EFAB23E00CB9EB4 /* LEDModes.h in Headers */ = {isa = PBXBuildFile; fileRef = AF07AE441EFAB23D00CB9EB4 /* LEDModes.h */; settings = {ATTRIBUTES = (Public, ); }; };
		AF07B1401EFAB23E00CB9EB4 /* MotorCommandTypes.h in Headers */ = {isa = PBXBuildFile; fileRef = AF07AE451EFAB23D00CB9EB4 /* MotorCommandTypes.h */; settings = {ATTRIBUTES = (Public, ); }; };
		AF07B1411EFAB23E00CB9EB4 /* ParameterTypes.h in Headers */ = {isa = PBXBuildFile; fileRef = AF07AE461EFAB23D00CB9EB4 /* ParameterTypes.h */; settings = {ATTRIBUTES = (Public, ); }; };
		AF07B1421EFAB23E00CB9EB4 /* Romo3Defs.h in Headers */ = {isa = PBXBuildFile; fileRef = AF07AE471EFAB23D00CB9EB4 /* Romo3Defs.h */; };
		AF07B1431EFAB23E00CB9EB4 /* SerialProtocol.h in Headers */ = {isa = PBXBuildFile; fileRef = AF07AE481EFAB23D00CB9EB4 /* SerialProtocol.h */; settings = {ATTRIBUTES = (Public, ); }; };
		AF07B1441EFAB23E00CB9EB4 /* IntelHexImage.h in Headers */ = {isa = PBXBuildFile; fileRef = AF07AE4A1EFAB23D00CB9EB4 /* IntelHexImage.h */; };
		AF07B1451EFAB23E00CB9EB4 /* IntelHexImage.m in Sources */ = {isa = PBXBuildFile; fileRef = AF07AE4B1EFAB23D00CB9EB4 /* IntelHexImage.m */; };
		AF07B1461EFAB23E00CB9EB4 /* IntelHexLine.h in Headers */ = {isa = PBXBuildFile; fileRef = AF07AE4C1EFAB23D00CB9EB4 /* IntelHexLine.h */; };
		AF07B1471EFAB23E00CB9EB4 /* IntelHexLine.m in Sources */ = {isa = PBXBuildFile; fileRef = AF07AE4D1EFAB23D00CB9EB4 /* IntelHexLine.m */; };
		AF07B1481EFAB23E00CB9EB4 /* STK500Programmer.h in Headers */ = {isa = PBXBuildFile; fileRef = AF07AE4E1EFAB23D00CB9EB4 /* STK500Programmer.h */; };
		AF07B1491EFAB23E00CB9EB4 /* STK500Programmer.m in Sources */ = {isa = PBXBuildFile; fileRef = AF07AE4F1EFAB23D00CB9EB4 /* STK500Programmer.m */; };
		AF07B14A1EFAB23E00CB9EB4 /* RMCoreRobotCommunication.h in Headers */ = {isa = PBXBuildFile; fileRef = AF07AE501EFAB23D00CB9EB4 /* RMCoreRobotCommunication.h */; };
		AF07B14B1EFAB23E00CB9EB4 /* RMCoreRobotCommunication.m in Sources */ = {isa = PBXBuildFile; fileRef = AF07AE511EFAB23D00CB9EB4 /* RMCoreRobotCommunication.m */; };
		AF07B14C1EFAB23E00CB9EB4 /* RMCoreRobotCommunicationOld.h in Headers */ = {isa = PBXBuildFile; fileRef = AF07AE521EFAB23D00CB9EB4 /* RMCoreRobotCommunicationOld.h */; };
		AF07B14D1EFAB23E00CB9EB4 /* RMCoreRobotCommunicationOld.m in Sources */ = {isa = PBXBuildFile; fileRef = AF07AE531EFAB23D00CB9EB4 /* RMCoreRobotCommunicationOld.m */; };
		AF07B14E1EFAB23E00CB9EB4 /* RMCoreRobotDataTransport.h in Headers */ = {isa = PBXBuildFile; fileRef = AF07AE541EFAB23D00CB9EB4 /* RMCoreRobotDataTransport.h */; settings = {ATTRIBUTES = (Public, ); }; };
		AF07B14F1EFAB23E00CB9EB4 /* RMCoreRobotDataTransport.m in Sources */ = {isa = PBXBuildFile; fileRef = AF07AE551EFAB23D00CB9EB4 /* RMCoreRobotDataTransport.m */; };
		AF07B1501EFAB23E00CB9EB4 /* RMProgrammingProtocol.h in Headers */ = {isa = PBXBuildFile; fileRef = AF07AE561EFAB23D00CB9EB4 /* RMProgrammingProtocol.h */; settings = {ATTRIBUTES = (Public, ); }; };
		AF07B1511EFAB23E00CB9EB4 /* RMCoreLEDs.h in Headers */ = {isa = PBXBuildFile; fileRef = AF07AE581EFAB23D00CB9EB4 /* RMCoreLEDs.h */; settings = {ATTRIBUTES = (Public, ); }; };
		AF07B1521EFAB23E00CB9EB4 /* RMCoreLEDs.m in Sources */ = {isa = PBXBuildFile; fileRef = AF07AE591EFAB23D00CB9EB4 /* RMCoreLEDs.m */; };
		AF07B1531EFAB23E00CB9EB4 /* RMCoreLEDs_Internal.h in Headers */ = {isa = PBXBuildFile; fileRef = AF07AE5A1EFAB23D00CB9EB4 /* RMCoreLEDs_Internal.h */; };
		AF07B3261EFAB23E00CB9EB4 /* DifferentialDriveProtocol.h in Headers */ = {isa = PBXBuildFile; fileRef = AF07B1041EFAB23E00CB9EB4 /* DifferentialDriveProtocol.h */; settings = {ATTRIBUTES = (Public, ); }; };
		AF07B3271EFAB23E00CB9EB4 /* DriveProtocol.h in Headers */ = {isa = PBXBuildFile; fileRef = AF07B1051EFAB23E00CB9EB4 /* DriveProtocol.h */; settings = {ATTRIBUTES = (Public, ); }; };
		AF07B3281EFAB23E00CB9EB4 /* HeadTiltProtocol.h in Headers */ = {isa = PBXBuildFile; fileRef = AF07B1061EFAB23E00CB9EB4 /* HeadTiltProtocol.h */; settings = {ATTRIBUTES = (Public, ); }; };
		AF07B3291EFAB23E00CB9EB4 /* HolonomicDriveProtocol.h in Headers */ = {isa = PBXBuildFile; fileRef = AF07B1071EFAB23E00CB9EB4 /* HolonomicDriveProtocol.h */; };
		AF07B32A1EFAB23E00CB9EB4 /* LEDProtocol.h in Headers */ = {isa = PBXBuildFile; fileRef = AF07B1081EFAB23E00CB9EB4 /* LEDProtocol.h */; settings = {ATTRIBUTES = (Public, ); }; };
		AF07B32B1EFAB23E00CB9EB4 /* RobotCommunicationProtocol.h in Headers */ = {isa = PBXBuildFile; fileRef = AF07B1091EFAB23E00CB9EB4 /* RobotCommunicationProtocol.h */; settings = {ATTRIBUTES = (Public, ); }; };
		AF07B32C1EFAB23E00CB9EB4 /* RobotMotionProtocol.h in Headers */ = {isa = PBXBuildFile; fileRef = AF07B10A1EFAB23E00CB9EB4 /* RobotMotionProtocol.h */; settings = {ATTRIBUTES = (Public, ); }; };
		AF07B32D1EFAB23E00CB9EB4 /* RMCoreRobot.h in Headers */ = {isa = PBXBuildFile; fileRef = AF07B10B1EFAB23E00CB9EB4 /* RMCoreRobot.h */; settings = {ATTRIBUTES = (Public, ); }; };
		AF07B32E1EFAB23E00CB9EB4 /* RMCoreRobot.m in Sources */ = {isa = PBXBuildFile; fileRef = AF07B10C1EFAB23E00CB9EB4 /* RMCoreRobot.m */; };
		AF07B32F1EFAB23E00CB9EB4 /* RMCoreRobot_Internal.h in Headers */ = {isa = PBXBuildFile; fileRef = AF07B10D1EFAB23E00CB9EB4 /* RMCoreRobot_Internal.h */; settings = {ATTRIBUTES = (Public, ); }; };
		AF07B3301EFAB23E00CB9EB4 /* RMCoreRobotIdentification.h in Headers */ = {isa = PBXBuildFile; fileRef = AF07B10E1EFAB23E00CB9EB4 /* RMCoreRobotIdentification.h */; settings = {ATTRIBUTES = (Public, ); }; };
		AF07B3311EFAB23E00CB9EB4 /* RMCoreRobotIdentification.m in Sources */ = {isa = PBXBuildFile; fileRef = AF07B10F1EFAB23E00CB9EB4 /* RMCoreRobotIdentification.m */; };
		AF07B3321EFAB23E00CB9EB4 /* RMCoreRobotIdentification_Internal.h in Headers */ = {isa = PBXBuildFile; fileRef = AF07B1101EFAB23E00CB9EB4 /* RMCoreRobotIdentification_Internal.h */; };
		AF07B3331EFAB23E00CB9EB4 /* RMCoreRobotRomo3.h in Headers */ = {isa = PBXBuildFile; fileRef = AF07B1111EFAB23E00CB9EB4 /* RMCoreRobotRomo3.h */; settings = {ATTRIBUTES = (Public, ); }; };
		AF07B3341EFAB23E00CB9EB4 /* RMCoreRobotRomo3.m in Sources */ = {isa = PBXBuildFile; fileRef = AF07B1121EFAB23E00CB9EB4 /* RMCoreRobotRomo3.m */; };
		AF07B3351EFAB23E00CB9EB4 /* RMCoreRobotVitals.h in Headers */ = {isa = PBXBuildFile; fileRef = AF07B1131EFAB23E00CB9EB4 /* RMCoreRobotVitals.h */; settings = {ATTRIBUTES = (Public, ); }; };
		AF07B3361EFAB23E00CB9EB4 /* RMCoreRobotVitals.m in Sources */ = {isa = PBXBuildFile; fileRef = AF07B1141EFAB23E00CB9EB4 /* RMCoreRobotVitals.m */; };
		AF07B3371EFAB23E00CB9EB4 /* RMCoreRobotVitals_Internal.h in Headers */ = {isa = PBXBuildFile; fileRef = AF07B1151EFAB23E00CB9EB4 /* RMCoreRobotVitals_Internal.h */; };
		AF07B3381EFAB23E00CB9EB4 /* RMCoreBumpDetector.h in Headers */ = {isa = PBXBuildFile; fileRef = AF07B1181EFAB23E00CB9EB4 /* RMCoreBumpDetector.h */; };
		AF07B3391EFAB23E00CB9EB4 /* RMCoreBumpDetector.m in Sources */ = {isa = PBXBuildFile; fileRef = AF07B1191EFAB23E00CB9EB4 /* RMCoreBumpDetector.m */; };
		AF07B33A1EFAB23E00CB9EB4 /* RMCoreDeviceMotion.h in Headers */ = {isa = PBXBuildFile; fileRef = AF07B11B1EFAB23E00CB9EB4 /* RMCoreDeviceMotion.h */; };
		AF07B33B1EFAB23E00CB9EB4 /* RMCoreDeviceMotion.m in Sources */ = {isa = PBXBuildFile; fileRef = AF07B11C1EFAB23E00CB9EB4 /* RMCoreDeviceMotion.m */; };
		AF07B33C1EFAB23E00CB9EB4 /* RMCorePlatformMotion.h in Headers */ = {isa = PBXBuildFile; fileRef = AF07B11D1EFAB23E00CB9EB4 /* RMCorePlatformMotion.h */; };
		AF07B33D1EFAB23E00CB9EB4 /* RMCorePlatformMotion.m in Sources */ = {isa = PBXBuildFile; fileRef = AF07B11E1EFAB23E00CB9EB4 /* RMCorePlatformMotion.m */; };
		AF07B33E1EFAB23E00CB9EB4 /* RMCoreRobotMotion.h in Headers */ = {isa = PBXBuildFile; fileRef = AF07B11F1EFAB23E00CB9EB4 /* RMCoreRobotMotion.h */; };
		AF07B33F1EFAB23E00CB9EB4 /* RMCoreRobotMotion.m in Sources */ = {isa = PBXBuildFile; fileRef = AF07B1201EFAB23E00CB9EB4 /* RMCoreRobotMotion.m */; };
		AF07B3401EFAB23E00CB9EB4 /* RMCoreInertialStasis.h in Headers */ = {isa = PBXBuildFile; fileRef = AF07B1221EFAB23E00CB9EB4 /* RMCoreInertialStasis.h */; };
		AF07B3411EFAB23E00CB9EB4 /* RMCoreInertialStasis.m in Sources */ = {isa = PBXBuildFile; fileRef = AF07B1231EFAB23E00CB9EB4 /* RMCoreInertialStasis.m */; };
		AF07B3421EFAB23E00CB9EB4 /* RMCoreStasisDetector.h in Headers */ = {isa = PBXBuildFile; fileRef = AF07B1241EFAB23E00CB9EB4 /* RMCoreStasisDetector.h */; };
		AF07B3431EFAB23E00CB9EB4 /* RMCoreStasisDetector.m in Sources */ = {isa = PBXBuildFile; fileRef = AF07B1251EFAB23E00CB9EB4 /* RMCoreStasisDetector.m */; };
		AF07B3441EFAB23E00CB9EB4 /* RMCoreControllerPID.h in Headers */ = {isa = PBXBuildFile; fileRef = AF07B1281EFAB23E00CB9EB4 /* RMCoreControllerPID.h */; settings = {ATTRIBUTES = (Public, ); }; };
		AF07B3451EFAB23E00CB9EB4 /* RMCoreControllerPID.m in Sources */ = {isa = PBXBuildFile; fileRef = AF07B1291EFAB23E00CB9EB4 /* RMCoreControllerPID.m */; };
		AF07B3461EFAB23E00CB9EB4 /* RMCoreLeakyIntegrator.h in Headers */ = {isa = PBXBuildFile; fileRef = AF07B12B1EFAB23E00CB9EB4 /* RMCoreLeakyIntegrator.h */; };
		AF07B3471EFAB23E00CB9EB4 /* RMCoreLeakyIntegrator.m in Sources */ = {isa = PBXBuildFile; fileRef = AF07B12C1EFAB23E00CB9EB4 /* RMCoreLeakyIntegrator.m */; };
		AF07B3481EFAB23E00CB9EB4 /* RMCoreMovingAverage.h in Headers */ = {isa = PBXBuildFile; fileRef = AF07B12D1EFAB23E00CB9EB4 /* RMCoreMovingAverage.h */; settings = {ATTRIBUTES = (Public, ); }; };
		AF07B3491EFAB23F00CB9EB4 /* RMCoreMovingAverage.m in Sources */ = {isa = PBXBuildFile; fileRef = AF07B12E1EFAB23E00CB9EB4 /* RMCoreMovingAverage.m */; };
		AF07B34A1EFAB23F00CB9EB4 /* RMCoreMotionInterface.h in Headers */ = {isa = PBXBuildFile; fileRef = AF07B1301EFAB23E00CB9EB4 /* RMCoreMotionInterface.h */; };
		AF07B34B1EFAB23F00CB9EB4 /* RMCoreMotionInterface.m in Sources */ = {isa = PBXBuildFile; fileRef = AF07B1311EFAB23E00CB9EB4 /* RMCoreMotionInterface.m */; };
		AF07B3C91EFAB2AC00CB9EB4 /* InfoPlist.strings in Resources */ = {isa = PBXBuildFile; fileRef = 9448A8C61741601300A82032 /* InfoPlist.strings */; };
		AF07B3CA1EFAB2AE00CB9EB4 /* RMCore-Info.plist in Resources */ = {isa = PBXBuildFile; fileRef = 9448A8C51741601300A82032 /* RMCore-Info.plist */; };
		AF07B3CC1EFAB2E700CB9EB4 /* RMCore-Prefix.pch in Headers */ = {isa = PBXBuildFile; fileRef = AF07B3CB1EFAB2E700CB9EB4 /* RMCore-Prefix.pch */; };
		AF07B3D31EFAB68C00CB9EB4 /* RMCore.h in Headers */ = {isa = PBXBuildFile; fileRef = AF07B1001EFAB23E00CB9EB4 /* RMCore.h */; settings = {ATTRIBUTES = (Public, ); }; };
		AF07B3D41EFAB68F00CB9EB4 /* RMCore.m in Sources */ = {isa = PBXBuildFile; fileRef = AF07B1011EFAB23E00CB9EB4 /* RMCore.m */; };
		AF326F24214C47DB0010990A /* CocoaLumberjack.framework in Frameworks */ = {isa = PBXBuildFile; fileRef = AF6E66AF1EFBAC9200FA1708 /* CocoaLumberjack.framework */; };
		AFAFB1191EFBB7FF00DB92B5 /* RMShared.framework in Frameworks */ = {isa = PBXBuildFile; fileRef = AFAFB1141EFBB60400DB92B5 /* RMShared.framework */; };
/* End PBXBuildFile section */

/* Begin PBXContainerItemProxy section */
		11917C4A205C446700D69613 /* PBXContainerItemProxy */ = {
			isa = PBXContainerItemProxy;
			containerPortal = AFAFB10F1EFBB60400DB92B5 /* RMShared.xcodeproj */;
			proxyType = 1;
			remoteGlobalIDString = AF07A0541EFA9E8200CB9EB4;
			remoteInfo = RMShared;
		};
		AFAFB1131EFBB60400DB92B5 /* PBXContainerItemProxy */ = {
			isa = PBXContainerItemProxy;
			containerPortal = AFAFB10F1EFBB60400DB92B5 /* RMShared.xcodeproj */;
			proxyType = 2;
			remoteGlobalIDString = AF07A0551EFA9E8200CB9EB4;
			remoteInfo = RMShared;
		};
/* End PBXContainerItemProxy section */

/* Begin PBXFileReference section */
		9448A8C51741601300A82032 /* RMCore-Info.plist */ = {isa = PBXFileReference; lastKnownFileType = text.plist.xml; path = "RMCore-Info.plist"; sourceTree = "<group>"; };
		9448A8C71741601300A82032 /* en */ = {isa = PBXFileReference; lastKnownFileType = text.plist.strings; name = en; path = en.lproj/InfoPlist.strings; sourceTree = "<group>"; };
		9463878B174150040023FC7D /* Foundation.framework */ = {isa = PBXFileReference; lastKnownFileType = wrapper.framework; name = Foundation.framework; path = System/Library/Frameworks/Foundation.framework; sourceTree = SDKROOT; };
		AF07AE291EFAB17400CB9EB4 /* RMCore.framework */ = {isa = PBXFileReference; explicitFileType = wrapper.framework; includeInIndex = 0; path = RMCore.framework; sourceTree = BUILT_PRODUCTS_DIR; };
		AF07AE2C1EFAB17400CB9EB4 /* Info.plist */ = {isa = PBXFileReference; lastKnownFileType = text.plist.xml; path = Info.plist; sourceTree = "<group>"; };
		AF07AE341EFAB23D00CB9EB4 /* RMCoreDriveController.h */ = {isa = PBXFileReference; fileEncoding = 4; lastKnownFileType = sourcecode.c.h; path = RMCoreDriveController.h; sourceTree = "<group>"; };
		AF07AE351EFAB23D00CB9EB4 /* RMCoreDriveController.m */ = {isa = PBXFileReference; fileEncoding = 4; lastKnownFileType = sourcecode.c.objc; path = RMCoreDriveController.m; sourceTree = "<group>"; };
		AF07AE361EFAB23D00CB9EB4 /* RMCoreDifferentialDrive.h */ = {isa = PBXFileReference; fileEncoding = 4; lastKnownFileType = sourcecode.c.h; path = RMCoreDifferentialDrive.h; sourceTree = "<group>"; };
		AF07AE371EFAB23D00CB9EB4 /* RMCoreDifferentialDrive.m */ = {isa = PBXFileReference; fileEncoding = 4; lastKnownFileType = sourcecode.c.objc; path = RMCoreDifferentialDrive.m; sourceTree = "<group>"; };
		AF07AE391EFAB23D00CB9EB4 /* RMCoreHeadTilt.h */ = {isa = PBXFileReference; fileEncoding = 4; lastKnownFileType = sourcecode.c.h; path = RMCoreHeadTilt.h; sourceTree = "<group>"; };
		AF07AE3A1EFAB23D00CB9EB4 /* RMCoreHeadTilt.m */ = {isa = PBXFileReference; fileEncoding = 4; lastKnownFileType = sourcecode.c.objc; path = RMCoreHeadTilt.m; sourceTree = "<group>"; };
		AF07AE3B1EFAB23D00CB9EB4 /* RMCoreMotor.h */ = {isa = PBXFileReference; fileEncoding = 4; lastKnownFileType = sourcecode.c.h; path = RMCoreMotor.h; sourceTree = "<group>"; };
		AF07AE3C1EFAB23D00CB9EB4 /* RMCoreMotor.m */ = {isa = PBXFileReference; fileEncoding = 4; lastKnownFileType = sourcecode.c.objc; path = RMCoreMotor.m; sourceTree = "<group>"; };
		AF07AE3D1EFAB23D00CB9EB4 /* RMCoreMotor_Internal.h */ = {isa = PBXFileReference; fileEncoding = 4; lastKnownFileType = sourcecode.c.h; path = RMCoreMotor_Internal.h; sourceTree = "<group>"; };
		AF07AE401EFAB23D00CB9EB4 /* ChargingStates.h */ = {isa = PBXFileReference; fileEncoding = 4; lastKnownFileType = sourcecode.c.h; path = ChargingStates.h; sourceTree = "<group>"; };
		AF07AE411EFAB23D00CB9EB4 /* DeviceModes.h */ = {isa = PBXFileReference; fileEncoding = 4; lastKnownFileType = sourcecode.c.h; path = DeviceModes.h; sourceTree = "<group>"; };
		AF07AE421EFAB23D00CB9EB4 /* EEPROMDefs.h */ = {isa = PBXFileReference; fileEncoding = 4; lastKnownFileType = sourcecode.c.h; path = EEPROMDefs.h; sourceTree = "<group>"; };
		AF07AE431EFAB23D00CB9EB4 /* InfoTypes.h */ = {isa = PBXFileReference; fileEncoding = 4; lastKnownFileType = sourcecode.c.h; path = InfoTypes.h; sourceTree = "<group>"; };
		AF07AE441EFAB23D00CB9EB4 /* LEDModes.h */ = {isa = PBXFileReference; fileEncoding = 4; lastKnownFileType = sourcecode.c.h; path = LEDModes.h; sourceTree = "<group>"; };
		AF07AE451EFAB23D00CB9EB4 /* MotorCommandTypes.h */ = {isa = PBXFileReference; fileEncoding = 4; lastKnownFileType = sourcecode.c.h; path = MotorCommandTypes.h; sourceTree = "<group>"; };
		AF07AE461EFAB23D00CB9EB4 /* ParameterTypes.h */ = {isa = PBXFileReference; fileEncoding = 4; lastKnownFileType = sourcecode.c.h; path = ParameterTypes.h; sourceTree = "<group>"; };
		AF07AE471EFAB23D00CB9EB4 /* Romo3Defs.h */ = {isa = PBXFileReference; fileEncoding = 4; lastKnownFileType = sourcecode.c.h; path = Romo3Defs.h; sourceTree = "<group>"; };
		AF07AE481EFAB23D00CB9EB4 /* SerialProtocol.h */ = {isa = PBXFileReference; fileEncoding = 4; lastKnownFileType = sourcecode.c.h; path = SerialProtocol.h; sourceTree = "<group>"; };
		AF07AE4A1EFAB23D00CB9EB4 /* IntelHexImage.h */ = {isa = PBXFileReference; fileEncoding = 4; lastKnownFileType = sourcecode.c.h; path = IntelHexImage.h; sourceTree = "<group>"; };
		AF07AE4B1EFAB23D00CB9EB4 /* IntelHexImage.m */ = {isa = PBXFileReference; fileEncoding = 4; lastKnownFileType = sourcecode.c.objc; path = IntelHexImage.m; sourceTree = "<group>"; };
		AF07AE4C1EFAB23D00CB9EB4 /* IntelHexLine.h */ = {isa = PBXFileReference; fileEncoding = 4; lastKnownFileType = sourcecode.c.h; path = IntelHexLine.h; sourceTree = "<group>"; };
		AF07AE4D1EFAB23D00CB9EB4 /* IntelHexLine.m */ = {isa = PBXFileReference; fileEncoding = 4; lastKnownFileType = sourcecode.c.objc; path = IntelHexLine.m; sourceTree = "<group>"; };
		AF07AE4E1EFAB23D00CB9EB4 /* STK500Programmer.h */ = {isa = PBXFileReference; fileEncoding = 4; lastKnownFileType = sourcecode.c.h; path = STK500Programmer.h; sourceTree = "<group>"; };
		AF07AE4F1EFAB23D00CB9EB4 /* STK500Programmer.m */ = {isa = PBXFileReference; fileEncoding = 4; lastKnownFileType = sourcecode.c.objc; path = STK500Programmer.m; sourceTree = "<group>"; };
		AF07AE501EFAB23D00CB9EB4 /* RMCoreRobotCommunication.h */ = {isa = PBXFileReference; fileEncoding = 4; lastKnownFileType = sourcecode.c.h; path = RMCoreRobotCommunication.h; sourceTree = "<group>"; };
		AF07AE511EFAB23D00CB9EB4 /* RMCoreRobotCommunication.m */ = {isa = PBXFileReference; fileEncoding = 4; lastKnownFileType = sourcecode.c.objc; path = RMCoreRobotCommunication.m; sourceTree = "<group>"; };
		AF07AE521EFAB23D00CB9EB4 /* RMCoreRobotCommunicationOld.h */ = {isa = PBXFileReference; fileEncoding = 4; lastKnownFileType = sourcecode.c.h; path = RMCoreRobotCommunicationOld.h; sourceTree = "<group>"; };
		AF07AE531EFAB23D00CB9EB4 /* RMCoreRobotCommunicationOld.m */ = {isa = PBXFileReference; fileEncoding = 4; lastKnownFileType = sourcecode.c.objc; path = RMCoreRobotCommunicationOld.m; sourceTree = "<group>"; };
		AF07AE541EFAB23D00CB9EB4 /* RMCoreRobotDataTransport.h */ = {isa = PBXFileReference; fileEncoding = 4; lastKnownFileType = sourcecode.c.h; path = RMCoreRobotDataTransport.h; sourceTree = "<group>"; };
		AF07AE551EFAB23D00CB9EB4 /* RMCoreRobotDataTransport.m */ = {isa = PBXFileReference; fileEncoding = 4; lastKnownFileType = sourcecode.c.objc; path = RMCoreRobotDataTransport.m; sourceTree = "<group>"; };
		AF07AE561EFAB23D00CB9EB4 /* RMProgrammingProtocol.h */ = {isa = PBXFileReference; fileEncoding = 4; lastKnownFileType = sourcecode.c.h; path = RMProgrammingProtocol.h; sourceTree = "<group>"; };
		AF07AE581EFAB23D00CB9EB4 /* RMCoreLEDs.h */ = {isa = PBXFileReference; fileEncoding = 4; lastKnownFileType = sourcecode.c.h; path = RMCoreLEDs.h; sourceTree = "<group>"; };
		AF07AE591EFAB23D00CB9EB4 /* RMCoreLEDs.m */ = {isa = PBXFileReference; fileEncoding = 4; lastKnownFileType = sourcecode.c.objc; path = RMCoreLEDs.m; sourceTree = "<group>"; };
		AF07AE5A1EFAB23D00CB9EB4 /* RMCoreLEDs_Internal.h */ = {isa = PBXFileReference; fileEncoding = 4; lastKnownFileType = sourcecode.c.h; path = RMCoreLEDs_Internal.h; sourceTree = "<group>"; };
		AF07B1001EFAB23E00CB9EB4 /* RMCore.h */ = {isa = PBXFileReference; fileEncoding = 4; lastKnownFileType = sourcecode.c.h; path = RMCore.h; sourceTree = "<group>"; };
		AF07B1011EFAB23E00CB9EB4 /* RMCore.m */ = {isa = PBXFileReference; fileEncoding = 4; lastKnownFileType = sourcecode.c.objc; path = RMCore.m; sourceTree = "<group>"; };
		AF07B1041EFAB23E00CB9EB4 /* DifferentialDriveProtocol.h */ = {isa = PBXFileReference; fileEncoding = 4; lastKnownFileType = sourcecode.c.h; path = DifferentialDriveProtocol.h; sourceTree = "<group>"; };
		AF07B1051EFAB23E00CB9EB4 /* DriveProtocol.h */ = {isa = PBXFileReference; fileEncoding = 4; lastKnownFileType = sourcecode.c.h; path = DriveProtocol.h; sourceTree = "<group>"; };
		AF07B1061EFAB23E00CB9EB4 /* HeadTiltProtocol.h */ = {isa = PBXFileReference; fileEncoding = 4; lastKnownFileType = sourcecode.c.h; path = HeadTiltProtocol.h; sourceTree = "<group>"; };
		AF07B1071EFAB23E00CB9EB4 /* HolonomicDriveProtocol.h */ = {isa = PBXFileReference; fileEncoding = 4; lastKnownFileType = sourcecode.c.h; path = HolonomicDriveProtocol.h; sourceTree = "<group>"; };
		AF07B1081EFAB23E00CB9EB4 /* LEDProtocol.h */ = {isa = PBXFileReference; fileEncoding = 4; lastKnownFileType = sourcecode.c.h; path = LEDProtocol.h; sourceTree = "<group>"; };
		AF07B1091EFAB23E00CB9EB4 /* RobotCommunicationProtocol.h */ = {isa = PBXFileReference; fileEncoding = 4; lastKnownFileType = sourcecode.c.h; path = RobotCommunicationProtocol.h; sourceTree = "<group>"; };
		AF07B10A1EFAB23E00CB9EB4 /* RobotMotionProtocol.h */ = {isa = PBXFileReference; fileEncoding = 4; lastKnownFileType = sourcecode.c.h; path = RobotMotionProtocol.h; sourceTree = "<group>"; };
		AF07B10B1EFAB23E00CB9EB4 /* RMCoreRobot.h */ = {isa = PBXFileReference; fileEncoding = 4; lastKnownFileType = sourcecode.c.h; path = RMCoreRobot.h; sourceTree = "<group>"; };
		AF07B10C1EFAB23E00CB9EB4 /* RMCoreRobot.m */ = {isa = PBXFileReference; fileEncoding = 4; lastKnownFileType = sourcecode.c.objc; path = RMCoreRobot.m; sourceTree = "<group>"; };
		AF07B10D1EFAB23E00CB9EB4 /* RMCoreRobot_Internal.h */ = {isa = PBXFileReference; fileEncoding = 4; lastKnownFileType = sourcecode.c.h; path = RMCoreRobot_Internal.h; sourceTree = "<group>"; };
		AF07B10E1EFAB23E00CB9EB4 /* RMCoreRobotIdentification.h */ = {isa = PBXFileReference; fileEncoding = 4; lastKnownFileType = sourcecode.c.h; path = RMCoreRobotIdentification.h; sourceTree = "<group>"; };
		AF07B10F1EFAB23E00CB9EB4 /* RMCoreRobotIdentification.m */ = {isa = PBXFileReference; fileEncoding = 4; lastKnownFileType = sourcecode.c.objc; path = RMCoreRobotIdentification.m; sourceTree = "<group>"; };
		AF07B1101EFAB23E00CB9EB4 /* RMCoreRobotIdentification_Internal.h */ = {isa = PBXFileReference; fileEncoding = 4; lastKnownFileType = sourcecode.c.h; path = RMCoreRobotIdentification_Internal.h; sourceTree = "<group>"; };
		AF07B1111EFAB23E00CB9EB4 /* RMCoreRobotRomo3.h */ = {isa = PBXFileReference; fileEncoding = 4; lastKnownFileType = sourcecode.c.h; path = RMCoreRobotRomo3.h; sourceTree = "<group>"; };
		AF07B1121EFAB23E00CB9EB4 /* RMCoreRobotRomo3.m */ = {isa = PBXFileReference; fileEncoding = 4; lastKnownFileType = sourcecode.c.objc; path = RMCoreRobotRomo3.m; sourceTree = "<group>"; };
		AF07B1131EFAB23E00CB9EB4 /* RMCoreRobotVitals.h */ = {isa = PBXFileReference; fileEncoding = 4; lastKnownFileType = sourcecode.c.h; path = RMCoreRobotVitals.h; sourceTree = "<group>"; };
		AF07B1141EFAB23E00CB9EB4 /* RMCoreRobotVitals.m */ = {isa = PBXFileReference; fileEncoding = 4; lastKnownFileType = sourcecode.c.objc; path = RMCoreRobotVitals.m; sourceTree = "<group>"; };
		AF07B1151EFAB23E00CB9EB4 /* RMCoreRobotVitals_Internal.h */ = {isa = PBXFileReference; fileEncoding = 4; lastKnownFileType = sourcecode.c.h; path = RMCoreRobotVitals_Internal.h; sourceTree = "<group>"; };
		AF07B1181EFAB23E00CB9EB4 /* RMCoreBumpDetector.h */ = {isa = PBXFileReference; fileEncoding = 4; lastKnownFileType = sourcecode.c.h; path = RMCoreBumpDetector.h; sourceTree = "<group>"; };
		AF07B1191EFAB23E00CB9EB4 /* RMCoreBumpDetector.m */ = {isa = PBXFileReference; fileEncoding = 4; lastKnownFileType = sourcecode.c.objc; path = RMCoreBumpDetector.m; sourceTree = "<group>"; };
		AF07B11B1EFAB23E00CB9EB4 /* RMCoreDeviceMotion.h */ = {isa = PBXFileReference; fileEncoding = 4; lastKnownFileType = sourcecode.c.h; path = RMCoreDeviceMotion.h; sourceTree = "<group>"; };
		AF07B11C1EFAB23E00CB9EB4 /* RMCoreDeviceMotion.m */ = {isa = PBXFileReference; fileEncoding = 4; lastKnownFileType = sourcecode.c.objc; path = RMCoreDeviceMotion.m; sourceTree = "<group>"; };
		AF07B11D1EFAB23E00CB9EB4 /* RMCorePlatformMotion.h */ = {isa = PBXFileReference; fileEncoding = 4; lastKnownFileType = sourcecode.c.h; path = RMCorePlatformMotion.h; sourceTree = "<group>"; };
		AF07B11E1EFAB23E00CB9EB4 /* RMCorePlatformMotion.m */ = {isa = PBXFileReference; fileEncoding = 4; lastKnownFileType = sourcecode.c.objc; path = RMCorePlatformMotion.m; sourceTree = "<group>"; };
		AF07B11F1EFAB23E00CB9EB4 /* RMCoreRobotMotion.h */ = {isa = PBXFileReference; fileEncoding = 4; lastKnownFileType = sourcecode.c.h; path = RMCoreRobotMotion.h; sourceTree = "<group>"; };
		AF07B1201EFAB23E00CB9EB4 /* RMCoreRobotMotion.m */ = {isa = PBXFileReference; fileEncoding = 4; lastKnownFileType = sourcecode.c.objc; path = RMCoreRobotMotion.m; sourceTree = "<group>"; };
		AF07B1221EFAB23E00CB9EB4 /* RMCoreInertialStasis.h */ = {isa = PBXFileReference; fileEncoding = 4; lastKnownFileType = sourcecode.c.h; path = RMCoreInertialStasis.h; sourceTree = "<group>"; };
		AF07B1231EFAB23E00CB9EB4 /* RMCoreInertialStasis.m */ = {isa = PBXFileReference; fileEncoding = 4; lastKnownFileType = sourcecode.c.objc; path = RMCoreInertialStasis.m; sourceTree = "<group>"; };
		AF07B1241EFAB23E00CB9EB4 /* RMCoreStasisDetector.h */ = {isa = PBXFileReference; fileEncoding = 4; lastKnownFileType = sourcecode.c.h; path = RMCoreStasisDetector.h; sourceTree = "<group>"; };
		AF07B1251EFAB23E00CB9EB4 /* RMCoreStasisDetector.m */ = {isa = PBXFileReference; fileEncoding = 4; lastKnownFileType = sourcecode.c.objc; path = RMCoreStasisDetector.m; sourceTree = "<group>"; };
		AF07B1281EFAB23E00CB9EB4 /* RMCoreControllerPID.h */ = {isa = PBXFileReference; fileEncoding = 4; lastKnownFileType = sourcecode.c.h; path = RMCoreControllerPID.h; sourceTree = "<group>"; };
		AF07B1291EFAB23E00CB9EB4 /* RMCoreControllerPID.m */ = {isa = PBXFileReference; fileEncoding = 4; lastKnownFileType = sourcecode.c.objc; path = RMCoreControllerPID.m; sourceTree = "<group>"; };
		AF07B12B1EFAB23E00CB9EB4 /* RMCoreLeakyIntegrator.h */ = {isa = PBXFileReference; fileEncoding = 4; lastKnownFileType = sourcecode.c.h; path = RMCoreLeakyIntegrator.h; sourceTree = "<group>"; };
		AF07B12C1EFAB23E00CB9EB4 /* RMCoreLeakyIntegrator.m */ = {isa = PBXFileReference; fileEncoding = 4; lastKnownFileType = sourcecode.c.objc; path = RMCoreLeakyIntegrator.m; sourceTree = "<group>"; };
		AF07B12D1EFAB23E00CB9EB4 /* RMCoreMovingAverage.h */ = {isa = PBXFileReference; fileEncoding = 4; lastKnownFileType = sourcecode.c.h; path = RMCoreMovingAverage.h; sourceTree = "<group>"; };
		AF07B12E1EFAB23E00CB9EB4 /* RMCoreMovingAverage.m */ = {isa = PBXFileReference; fileEncoding = 4; lastKnownFileType = sourcecode.c.objc; path = RMCoreMovingAverage.m; sourceTree = "<group>"; };
		AF07B1301EFAB23E00CB9EB4 /* RMCoreMotionInterface.h */ = {isa = PBXFileReference; fileEncoding = 4; lastKnownFileType = sourcecode.c.h; path = RMCoreMotionInterface.h; sourceTree = "<group>"; };
		AF07B1311EFAB23E00CB9EB4 /* RMCoreMotionInterface.m */ = {isa = PBXFileReference; fileEncoding = 4; lastKnownFileType = sourcecode.c.objc; path = RMCoreMotionInterface.m; sourceTree = "<group>"; };
		AF07B3CB1EFAB2E700CB9EB4 /* RMCore-Prefix.pch */ = {isa = PBXFileReference; fileEncoding = 4; lastKnownFileType = sourcecode.c.h; name = "RMCore-Prefix.pch"; path = "RMCore/RMCore-Prefix.pch"; sourceTree = SOURCE_ROOT; };
		AF6E66AF1EFBAC9200FA1708 /* CocoaLumberjack.framework */ = {isa = PBXFileReference; lastKnownFileType = wrapper.framework; name = CocoaLumberjack.framework; path = RMCore/Carthage/Build/iOS/CocoaLumberjack.framework; sourceTree = "<group>"; };
		AFAFB10F1EFBB60400DB92B5 /* RMShared.xcodeproj */ = {isa = PBXFileReference; lastKnownFileType = "wrapper.pb-project"; name = RMShared.xcodeproj; path = ../RMShared/RMShared.xcodeproj; sourceTree = "<group>"; };
/* End PBXFileReference section */

/* Begin PBXFrameworksBuildPhase section */
		AF07AE251EFAB17400CB9EB4 /* Frameworks */ = {
			isa = PBXFrameworksBuildPhase;
			buildActionMask = 2147483647;
			files = (
				AF326F24214C47DB0010990A /* CocoaLumberjack.framework in Frameworks */,
				AFAFB1191EFBB7FF00DB92B5 /* RMShared.framework in Frameworks */,
			);
			runOnlyForDeploymentPostprocessing = 0;
		};
/* End PBXFrameworksBuildPhase section */

/* Begin PBXGroup section */
		9448A8C41741601300A82032 /* Supporting Files */ = {
			isa = PBXGroup;
			children = (
				9448A8C51741601300A82032 /* RMCore-Info.plist */,
				9448A8C61741601300A82032 /* InfoPlist.strings */,
				AF07B3CB1EFAB2E700CB9EB4 /* RMCore-Prefix.pch */,
			);
			name = "Supporting Files";
			path = "RMCore/Supporting Files";
			sourceTree = SOURCE_ROOT;
		};
		9463877F174150040023FC7D = {
			isa = PBXGroup;
			children = (
				9463878D174150040023FC7D /* RMCore */,
				9463878A174150040023FC7D /* Frameworks */,
				94638789174150040023FC7D /* Products */,
			);
			sourceTree = "<group>";
		};
		94638789174150040023FC7D /* Products */ = {
			isa = PBXGroup;
			children = (
				AF07AE291EFAB17400CB9EB4 /* RMCore.framework */,
			);
			name = Products;
			sourceTree = "<group>";
		};
		9463878A174150040023FC7D /* Frameworks */ = {
			isa = PBXGroup;
			children = (
				AF6E66AF1EFBAC9200FA1708 /* CocoaLumberjack.framework */,
				AFAFB10F1EFBB60400DB92B5 /* RMShared.xcodeproj */,
				9463878B174150040023FC7D /* Foundation.framework */,
			);
			name = Frameworks;
			sourceTree = "<group>";
		};
		9463878D174150040023FC7D /* RMCore */ = {
			isa = PBXGroup;
			children = (
				AF07AE311EFAB23D00CB9EB4 /* Actuation */,
				AF07AE3E1EFAB23D00CB9EB4 /* Communication */,
				AF07AE571EFAB23D00CB9EB4 /* LEDs */,
				AF07B1001EFAB23E00CB9EB4 /* RMCore.h */,
				AF07B1011EFAB23E00CB9EB4 /* RMCore.m */,
				AF07B1021EFAB23E00CB9EB4 /* Robot */,
				AF07B1161EFAB23E00CB9EB4 /* Sensing */,
				AF07B1261EFAB23E00CB9EB4 /* Utilities */,
				9448A8C41741601300A82032 /* Supporting Files */,
				AF07AE2C1EFAB17400CB9EB4 /* Info.plist */,
			);
			path = RMCore;
			sourceTree = "<group>";
		};
		AF07AE311EFAB23D00CB9EB4 /* Actuation */ = {
			isa = PBXGroup;
			children = (
				AF07AE321EFAB23D00CB9EB4 /* Driving */,
				AF07AE381EFAB23D00CB9EB4 /* Head Tilt */,
				AF07AE3B1EFAB23D00CB9EB4 /* RMCoreMotor.h */,
				AF07AE3C1EFAB23D00CB9EB4 /* RMCoreMotor.m */,
				AF07AE3D1EFAB23D00CB9EB4 /* RMCoreMotor_Internal.h */,
			);
			path = Actuation;
			sourceTree = "<group>";
		};
		AF07AE321EFAB23D00CB9EB4 /* Driving */ = {
			isa = PBXGroup;
			children = (
				AF07AE331EFAB23D00CB9EB4 /* DriveController */,
				AF07AE361EFAB23D00CB9EB4 /* RMCoreDifferentialDrive.h */,
				AF07AE371EFAB23D00CB9EB4 /* RMCoreDifferentialDrive.m */,
			);
			path = Driving;
			sourceTree = "<group>";
		};
		AF07AE331EFAB23D00CB9EB4 /* DriveController */ = {
			isa = PBXGroup;
			children = (
				AF07AE341EFAB23D00CB9EB4 /* RMCoreDriveController.h */,
				AF07AE351EFAB23D00CB9EB4 /* RMCoreDriveController.m */,
			);
			path = DriveController;
			sourceTree = "<group>";
		};
		AF07AE381EFAB23D00CB9EB4 /* Head Tilt */ = {
			isa = PBXGroup;
			children = (
				AF07AE391EFAB23D00CB9EB4 /* RMCoreHeadTilt.h */,
				AF07AE3A1EFAB23D00CB9EB4 /* RMCoreHeadTilt.m */,
			);
			path = "Head Tilt";
			sourceTree = "<group>";
		};
		AF07AE3E1EFAB23D00CB9EB4 /* Communication */ = {
			isa = PBXGroup;
			children = (
				AF07AE3F1EFAB23D00CB9EB4 /* FirmwareCommon */,
				AF07AE491EFAB23D00CB9EB4 /* FirmwareUpdate */,
				AF07AE501EFAB23D00CB9EB4 /* RMCoreRobotCommunication.h */,
				AF07AE511EFAB23D00CB9EB4 /* RMCoreRobotCommunication.m */,
				AF07AE521EFAB23D00CB9EB4 /* RMCoreRobotCommunicationOld.h */,
				AF07AE531EFAB23D00CB9EB4 /* RMCoreRobotCommunicationOld.m */,
				AF07AE541EFAB23D00CB9EB4 /* RMCoreRobotDataTransport.h */,
				AF07AE551EFAB23D00CB9EB4 /* RMCoreRobotDataTransport.m */,
				AF07AE561EFAB23D00CB9EB4 /* RMProgrammingProtocol.h */,
			);
			path = Communication;
			sourceTree = "<group>";
		};
		AF07AE3F1EFAB23D00CB9EB4 /* FirmwareCommon */ = {
			isa = PBXGroup;
			children = (
				AF07AE401EFAB23D00CB9EB4 /* ChargingStates.h */,
				AF07AE411EFAB23D00CB9EB4 /* DeviceModes.h */,
				AF07AE421EFAB23D00CB9EB4 /* EEPROMDefs.h */,
				AF07AE431EFAB23D00CB9EB4 /* InfoTypes.h */,
				AF07AE441EFAB23D00CB9EB4 /* LEDModes.h */,
				AF07AE451EFAB23D00CB9EB4 /* MotorCommandTypes.h */,
				AF07AE461EFAB23D00CB9EB4 /* ParameterTypes.h */,
				AF07AE471EFAB23D00CB9EB4 /* Romo3Defs.h */,
				AF07AE481EFAB23D00CB9EB4 /* SerialProtocol.h */,
			);
			path = FirmwareCommon;
			sourceTree = "<group>";
		};
		AF07AE491EFAB23D00CB9EB4 /* FirmwareUpdate */ = {
			isa = PBXGroup;
			children = (
				AF07AE4A1EFAB23D00CB9EB4 /* IntelHexImage.h */,
				AF07AE4B1EFAB23D00CB9EB4 /* IntelHexImage.m */,
				AF07AE4C1EFAB23D00CB9EB4 /* IntelHexLine.h */,
				AF07AE4D1EFAB23D00CB9EB4 /* IntelHexLine.m */,
				AF07AE4E1EFAB23D00CB9EB4 /* STK500Programmer.h */,
				AF07AE4F1EFAB23D00CB9EB4 /* STK500Programmer.m */,
			);
			path = FirmwareUpdate;
			sourceTree = "<group>";
		};
		AF07AE571EFAB23D00CB9EB4 /* LEDs */ = {
			isa = PBXGroup;
			children = (
				AF07AE581EFAB23D00CB9EB4 /* RMCoreLEDs.h */,
				AF07AE591EFAB23D00CB9EB4 /* RMCoreLEDs.m */,
				AF07AE5A1EFAB23D00CB9EB4 /* RMCoreLEDs_Internal.h */,
			);
			path = LEDs;
			sourceTree = "<group>";
		};
		AF07B1021EFAB23E00CB9EB4 /* Robot */ = {
			isa = PBXGroup;
			children = (
				AF07B1031EFAB23E00CB9EB4 /* Functionality */,
				AF07B10B1EFAB23E00CB9EB4 /* RMCoreRobot.h */,
				AF07B10C1EFAB23E00CB9EB4 /* RMCoreRobot.m */,
				AF07B10D1EFAB23E00CB9EB4 /* RMCoreRobot_Internal.h */,
				AF07B10E1EFAB23E00CB9EB4 /* RMCoreRobotIdentification.h */,
				AF07B10F1EFAB23E00CB9EB4 /* RMCoreRobotIdentification.m */,
				AF07B1101EFAB23E00CB9EB4 /* RMCoreRobotIdentification_Internal.h */,
				AF07B1111EFAB23E00CB9EB4 /* RMCoreRobotRomo3.h */,
				AF07B1121EFAB23E00CB9EB4 /* RMCoreRobotRomo3.m */,
				AF07B1131EFAB23E00CB9EB4 /* RMCoreRobotVitals.h */,
				AF07B1141EFAB23E00CB9EB4 /* RMCoreRobotVitals.m */,
				AF07B1151EFAB23E00CB9EB4 /* RMCoreRobotVitals_Internal.h */,
			);
			path = Robot;
			sourceTree = "<group>";
		};
		AF07B1031EFAB23E00CB9EB4 /* Functionality */ = {
			isa = PBXGroup;
			children = (
				AF07B1041EFAB23E00CB9EB4 /* DifferentialDriveProtocol.h */,
				AF07B1051EFAB23E00CB9EB4 /* DriveProtocol.h */,
				AF07B1061EFAB23E00CB9EB4 /* HeadTiltProtocol.h */,
				AF07B1071EFAB23E00CB9EB4 /* HolonomicDriveProtocol.h */,
				AF07B1081EFAB23E00CB9EB4 /* LEDProtocol.h */,
				AF07B1091EFAB23E00CB9EB4 /* RobotCommunicationProtocol.h */,
				AF07B10A1EFAB23E00CB9EB4 /* RobotMotionProtocol.h */,
			);
			path = Functionality;
			sourceTree = "<group>";
		};
		AF07B1161EFAB23E00CB9EB4 /* Sensing */ = {
			isa = PBXGroup;
			children = (
				AF07B1171EFAB23E00CB9EB4 /* Bump */,
				AF07B11A1EFAB23E00CB9EB4 /* Inertial */,
				AF07B1211EFAB23E00CB9EB4 /* Stasis */,
			);
			path = Sensing;
			sourceTree = "<group>";
		};
		AF07B1171EFAB23E00CB9EB4 /* Bump */ = {
			isa = PBXGroup;
			children = (
				AF07B1181EFAB23E00CB9EB4 /* RMCoreBumpDetector.h */,
				AF07B1191EFAB23E00CB9EB4 /* RMCoreBumpDetector.m */,
			);
			path = Bump;
			sourceTree = "<group>";
		};
		AF07B11A1EFAB23E00CB9EB4 /* Inertial */ = {
			isa = PBXGroup;
			children = (
				AF07B11B1EFAB23E00CB9EB4 /* RMCoreDeviceMotion.h */,
				AF07B11C1EFAB23E00CB9EB4 /* RMCoreDeviceMotion.m */,
				AF07B11D1EFAB23E00CB9EB4 /* RMCorePlatformMotion.h */,
				AF07B11E1EFAB23E00CB9EB4 /* RMCorePlatformMotion.m */,
				AF07B11F1EFAB23E00CB9EB4 /* RMCoreRobotMotion.h */,
				AF07B1201EFAB23E00CB9EB4 /* RMCoreRobotMotion.m */,
			);
			path = Inertial;
			sourceTree = "<group>";
		};
		AF07B1211EFAB23E00CB9EB4 /* Stasis */ = {
			isa = PBXGroup;
			children = (
				AF07B1221EFAB23E00CB9EB4 /* RMCoreInertialStasis.h */,
				AF07B1231EFAB23E00CB9EB4 /* RMCoreInertialStasis.m */,
				AF07B1241EFAB23E00CB9EB4 /* RMCoreStasisDetector.h */,
				AF07B1251EFAB23E00CB9EB4 /* RMCoreStasisDetector.m */,
			);
			path = Stasis;
			sourceTree = "<group>";
		};
		AF07B1261EFAB23E00CB9EB4 /* Utilities */ = {
			isa = PBXGroup;
			children = (
				AF07B1271EFAB23E00CB9EB4 /* Controllers */,
				AF07B12A1EFAB23E00CB9EB4 /* DSP */,
				AF07B12F1EFAB23E00CB9EB4 /* IMU */,
			);
			path = Utilities;
			sourceTree = "<group>";
		};
		AF07B1271EFAB23E00CB9EB4 /* Controllers */ = {
			isa = PBXGroup;
			children = (
				AF07B1281EFAB23E00CB9EB4 /* RMCoreControllerPID.h */,
				AF07B1291EFAB23E00CB9EB4 /* RMCoreControllerPID.m */,
			);
			path = Controllers;
			sourceTree = "<group>";
		};
		AF07B12A1EFAB23E00CB9EB4 /* DSP */ = {
			isa = PBXGroup;
			children = (
				AF07B12B1EFAB23E00CB9EB4 /* RMCoreLeakyIntegrator.h */,
				AF07B12C1EFAB23E00CB9EB4 /* RMCoreLeakyIntegrator.m */,
				AF07B12D1EFAB23E00CB9EB4 /* RMCoreMovingAverage.h */,
				AF07B12E1EFAB23E00CB9EB4 /* RMCoreMovingAverage.m */,
			);
			path = DSP;
			sourceTree = "<group>";
		};
		AF07B12F1EFAB23E00CB9EB4 /* IMU */ = {
			isa = PBXGroup;
			children = (
				AF07B1301EFAB23E00CB9EB4 /* RMCoreMotionInterface.h */,
				AF07B1311EFAB23E00CB9EB4 /* RMCoreMotionInterface.m */,
			);
			path = IMU;
			sourceTree = "<group>";
		};
		AFAFB1101EFBB60400DB92B5 /* Products */ = {
			isa = PBXGroup;
			children = (
				AFAFB1141EFBB60400DB92B5 /* RMShared.framework */,
			);
			name = Products;
			sourceTree = "<group>";
		};
/* End PBXGroup section */

/* Begin PBXHeadersBuildPhase section */
		AF07AE261EFAB17400CB9EB4 /* Headers */ = {
			isa = PBXHeadersBuildPhase;
			buildActionMask = 2147483647;
			files = (
				AF07B3271EFAB23E00CB9EB4 /* DriveProtocol.h in Headers */,
				AF07B3261EFAB23E00CB9EB4 /* DifferentialDriveProtocol.h in Headers */,
				AF07B3281EFAB23E00CB9EB4 /* HeadTiltProtocol.h in Headers */,
				AF07B32A1EFAB23E00CB9EB4 /* LEDProtocol.h in Headers */,
				AF07B3D31EFAB68C00CB9EB4 /* RMCore.h in Headers */,
				AF07B3441EFAB23E00CB9EB4 /* RMCoreControllerPID.h in Headers */,
				AF07B1511EFAB23E00CB9EB4 /* RMCoreLEDs.h in Headers */,
				AF07B1381EFAB23E00CB9EB4 /* RMCoreMotor.h in Headers */,
				AF07B32D1EFAB23E00CB9EB4 /* RMCoreRobot.h in Headers */,
				AF07B3331EFAB23E00CB9EB4 /* RMCoreRobotRomo3.h in Headers */,
				AF07B3301EFAB23E00CB9EB4 /* RMCoreRobotIdentification.h in Headers */,
				AF07B3351EFAB23E00CB9EB4 /* RMCoreRobotVitals.h in Headers */,
				AF07B32C1EFAB23E00CB9EB4 /* RobotMotionProtocol.h in Headers */,
				AF07B3481EFAB23E00CB9EB4 /* RMCoreMovingAverage.h in Headers */,
				AF07B1501EFAB23E00CB9EB4 /* RMProgrammingProtocol.h in Headers */,
				AF07B14E1EFAB23E00CB9EB4 /* RMCoreRobotDataTransport.h in Headers */,
				AF07B1431EFAB23E00CB9EB4 /* SerialProtocol.h in Headers */,
				AF07B32F1EFAB23E00CB9EB4 /* RMCoreRobot_Internal.h in Headers */,
				AF07B32B1EFAB23E00CB9EB4 /* RobotCommunicationProtocol.h in Headers */,
				AF07B13F1EFAB23E00CB9EB4 /* LEDModes.h in Headers */,
				AF07B13C1EFAB23E00CB9EB4 /* DeviceModes.h in Headers */,
				AF07B13B1EFAB23E00CB9EB4 /* ChargingStates.h in Headers */,
				AF07B1401EFAB23E00CB9EB4 /* MotorCommandTypes.h in Headers */,
				AF07B1411EFAB23E00CB9EB4 /* ParameterTypes.h in Headers */,
				AF07B13E1EFAB23E00CB9EB4 /* InfoTypes.h in Headers */,
				AF07B3371EFAB23E00CB9EB4 /* RMCoreRobotVitals_Internal.h in Headers */,
				AF07B3401EFAB23E00CB9EB4 /* RMCoreInertialStasis.h in Headers */,
				AF07B3381EFAB23E00CB9EB4 /* RMCoreBumpDetector.h in Headers */,
				AF07B3291EFAB23E00CB9EB4 /* HolonomicDriveProtocol.h in Headers */,
				AF07B33C1EFAB23E00CB9EB4 /* RMCorePlatformMotion.h in Headers */,
				AF07B1481EFAB23E00CB9EB4 /* STK500Programmer.h in Headers */,
				AF07B3321EFAB23E00CB9EB4 /* RMCoreRobotIdentification_Internal.h in Headers */,
				AF07B13A1EFAB23E00CB9EB4 /* RMCoreMotor_Internal.h in Headers */,
				AF07B1361EFAB23E00CB9EB4 /* RMCoreHeadTilt.h in Headers */,
				AF07B1441EFAB23E00CB9EB4 /* IntelHexImage.h in Headers */,
				AF07B13D1EFAB23E00CB9EB4 /* EEPROMDefs.h in Headers */,
				AF07B1531EFAB23E00CB9EB4 /* RMCoreLEDs_Internal.h in Headers */,
				AF07B33A1EFAB23E00CB9EB4 /* RMCoreDeviceMotion.h in Headers */,
				AF07B1341EFAB23E00CB9EB4 /* RMCoreDifferentialDrive.h in Headers */,
				AF07B1421EFAB23E00CB9EB4 /* Romo3Defs.h in Headers */,
				AF07B34A1EFAB23F00CB9EB4 /* RMCoreMotionInterface.h in Headers */,
				AF07B1461EFAB23E00CB9EB4 /* IntelHexLine.h in Headers */,
				AF07B1321EFAB23E00CB9EB4 /* RMCoreDriveController.h in Headers */,
				AF07B3421EFAB23E00CB9EB4 /* RMCoreStasisDetector.h in Headers */,
				AF07B14A1EFAB23E00CB9EB4 /* RMCoreRobotCommunication.h in Headers */,
				AF07B3461EFAB23E00CB9EB4 /* RMCoreLeakyIntegrator.h in Headers */,
				AF07B14C1EFAB23E00CB9EB4 /* RMCoreRobotCommunicationOld.h in Headers */,
				AF07B3CC1EFAB2E700CB9EB4 /* RMCore-Prefix.pch in Headers */,
				AF07B33E1EFAB23E00CB9EB4 /* RMCoreRobotMotion.h in Headers */,
			);
			runOnlyForDeploymentPostprocessing = 0;
		};
/* End PBXHeadersBuildPhase section */

/* Begin PBXNativeTarget section */
		AF07AE281EFAB17400CB9EB4 /* RMCore */ = {
			isa = PBXNativeTarget;
			buildConfigurationList = AF07AE2E1EFAB17400CB9EB4 /* Build configuration list for PBXNativeTarget "RMCore" */;
			buildPhases = (
				AF07AE241EFAB17400CB9EB4 /* Sources */,
				AF07AE251EFAB17400CB9EB4 /* Frameworks */,
				AF07AE261EFAB17400CB9EB4 /* Headers */,
				AF07AE271EFAB17400CB9EB4 /* Resources */,
			);
			buildRules = (
			);
			dependencies = (
				11917C4B205C446700D69613 /* PBXTargetDependency */,
			);
			name = RMCore;
			productName = RMCore;
			productReference = AF07AE291EFAB17400CB9EB4 /* RMCore.framework */;
			productType = "com.apple.product-type.framework";
		};
/* End PBXNativeTarget section */

/* Begin PBXProject section */
		94638780174150040023FC7D /* Project object */ = {
			isa = PBXProject;
			attributes = {
				LastUpgradeCheck = 0930;
				ORGANIZATIONNAME = "Romotive, Inc";
				TargetAttributes = {
					AF07AE281EFAB17400CB9EB4 = {
						CreatedOnToolsVersion = 8.3.3;
						ProvisioningStyle = Automatic;
					};
				};
			};
			buildConfigurationList = 94638783174150040023FC7D /* Build configuration list for PBXProject "RMCore" */;
			compatibilityVersion = "Xcode 3.2";
			developmentRegion = English;
			hasScannedForEncodings = 0;
			knownRegions = (
				en,
				English,
				Base,
			);
			mainGroup = 9463877F174150040023FC7D;
			productRefGroup = 94638789174150040023FC7D /* Products */;
			projectDirPath = "";
			projectReferences = (
				{
					ProductGroup = AFAFB1101EFBB60400DB92B5 /* Products */;
					ProjectRef = AFAFB10F1EFBB60400DB92B5 /* RMShared.xcodeproj */;
				},
			);
			projectRoot = "";
			targets = (
				AF07AE281EFAB17400CB9EB4 /* RMCore */,
			);
		};
/* End PBXProject section */

/* Begin PBXReferenceProxy section */
		AFAFB1141EFBB60400DB92B5 /* RMShared.framework */ = {
			isa = PBXReferenceProxy;
			fileType = wrapper.framework;
			path = RMShared.framework;
			remoteRef = AFAFB1131EFBB60400DB92B5 /* PBXContainerItemProxy */;
			sourceTree = BUILT_PRODUCTS_DIR;
		};
/* End PBXReferenceProxy section */

/* Begin PBXResourcesBuildPhase section */
		AF07AE271EFAB17400CB9EB4 /* Resources */ = {
			isa = PBXResourcesBuildPhase;
			buildActionMask = 2147483647;
			files = (
				AF07B3C91EFAB2AC00CB9EB4 /* InfoPlist.strings in Resources */,
				AF07B3CA1EFAB2AE00CB9EB4 /* RMCore-Info.plist in Resources */,
			);
			runOnlyForDeploymentPostprocessing = 0;
		};
/* End PBXResourcesBuildPhase section */

/* Begin PBXSourcesBuildPhase section */
		AF07AE241EFAB17400CB9EB4 /* Sources */ = {
			isa = PBXSourcesBuildPhase;
			buildActionMask = 2147483647;
			files = (
				AF07B3391EFAB23E00CB9EB4 /* RMCoreBumpDetector.m in Sources */,
				AF07B33D1EFAB23E00CB9EB4 /* RMCorePlatformMotion.m in Sources */,
				AF07B32E1EFAB23E00CB9EB4 /* RMCoreRobot.m in Sources */,
				AF07B1491EFAB23E00CB9EB4 /* STK500Programmer.m in Sources */,
				AF07B14B1EFAB23E00CB9EB4 /* RMCoreRobotCommunication.m in Sources */,
				AF07B3431EFAB23E00CB9EB4 /* RMCoreStasisDetector.m in Sources */,
				AF07B3361EFAB23E00CB9EB4 /* RMCoreRobotVitals.m in Sources */,
				AF07B1471EFAB23E00CB9EB4 /* IntelHexLine.m in Sources */,
				AF07B1331EFAB23E00CB9EB4 /* RMCoreDriveController.m in Sources */,
				AF07B1521EFAB23E00CB9EB4 /* RMCoreLEDs.m in Sources */,
				AF07B1391EFAB23E00CB9EB4 /* RMCoreMotor.m in Sources */,
				AF07B3471EFAB23E00CB9EB4 /* RMCoreLeakyIntegrator.m in Sources */,
				AF07B1371EFAB23E00CB9EB4 /* RMCoreHeadTilt.m in Sources */,
				AF07B3341EFAB23E00CB9EB4 /* RMCoreRobotRomo3.m in Sources */,
				AF07B3311EFAB23E00CB9EB4 /* RMCoreRobotIdentification.m in Sources */,
				AF07B14F1EFAB23E00CB9EB4 /* RMCoreRobotDataTransport.m in Sources */,
				AF07B3491EFAB23F00CB9EB4 /* RMCoreMovingAverage.m in Sources */,
				AF07B1451EFAB23E00CB9EB4 /* IntelHexImage.m in Sources */,
				AF07B14D1EFAB23E00CB9EB4 /* RMCoreRobotCommunicationOld.m in Sources */,
				AF07B33B1EFAB23E00CB9EB4 /* RMCoreDeviceMotion.m in Sources */,
				AF07B33F1EFAB23E00CB9EB4 /* RMCoreRobotMotion.m in Sources */,
				AF07B3451EFAB23E00CB9EB4 /* RMCoreControllerPID.m in Sources */,
				AF07B3411EFAB23E00CB9EB4 /* RMCoreInertialStasis.m in Sources */,
				AF07B34B1EFAB23F00CB9EB4 /* RMCoreMotionInterface.m in Sources */,
				AF07B1351EFAB23E00CB9EB4 /* RMCoreDifferentialDrive.m in Sources */,
				AF07B3D41EFAB68F00CB9EB4 /* RMCore.m in Sources */,
			);
			runOnlyForDeploymentPostprocessing = 0;
		};
/* End PBXSourcesBuildPhase section */

/* Begin PBXTargetDependency section */
		11917C4B205C446700D69613 /* PBXTargetDependency */ = {
			isa = PBXTargetDependency;
			name = RMShared;
			targetProxy = 11917C4A205C446700D69613 /* PBXContainerItemProxy */;
		};
/* End PBXTargetDependency section */

/* Begin PBXVariantGroup section */
		9448A8C61741601300A82032 /* InfoPlist.strings */ = {
			isa = PBXVariantGroup;
			children = (
				9448A8C71741601300A82032 /* en */,
			);
			name = InfoPlist.strings;
			sourceTree = "<group>";
		};
/* End PBXVariantGroup section */

/* Begin XCBuildConfiguration section */
		94638794174150040023FC7D /* Debug */ = {
			isa = XCBuildConfiguration;
			buildSettings = {
				ALWAYS_SEARCH_USER_PATHS = NO;
				CLANG_ANALYZER_LOCALIZABILITY_NONLOCALIZED = YES;
				CLANG_CXX_LANGUAGE_STANDARD = "gnu++0x";
				CLANG_CXX_LIBRARY = "libc++";
				CLANG_ENABLE_OBJC_ARC = YES;
				CLANG_WARN_BLOCK_CAPTURE_AUTORELEASING = YES;
				CLANG_WARN_BOOL_CONVERSION = YES;
				CLANG_WARN_COMMA = YES;
				CLANG_WARN_CONSTANT_CONVERSION = YES;
				CLANG_WARN_DEPRECATED_OBJC_IMPLEMENTATIONS = YES;
				CLANG_WARN_EMPTY_BODY = YES;
				CLANG_WARN_ENUM_CONVERSION = YES;
				CLANG_WARN_INFINITE_RECURSION = YES;
				CLANG_WARN_INT_CONVERSION = YES;
				CLANG_WARN_NON_LITERAL_NULL_CONVERSION = YES;
				CLANG_WARN_OBJC_IMPLICIT_RETAIN_SELF = YES;
				CLANG_WARN_OBJC_LITERAL_CONVERSION = YES;
				CLANG_WARN_RANGE_LOOP_ANALYSIS = YES;
				CLANG_WARN_STRICT_PROTOTYPES = YES;
				CLANG_WARN_SUSPICIOUS_MOVE = YES;
				CLANG_WARN_UNREACHABLE_CODE = YES;
				CLANG_WARN__DUPLICATE_METHOD_MATCH = YES;
				COPY_PHASE_STRIP = NO;
				ENABLE_STRICT_OBJC_MSGSEND = YES;
				ENABLE_TESTABILITY = YES;
				GCC_C_LANGUAGE_STANDARD = gnu99;
				GCC_DYNAMIC_NO_PIC = NO;
				GCC_NO_COMMON_BLOCKS = YES;
				GCC_OPTIMIZATION_LEVEL = 0;
				GCC_PREFIX_HEADER = "RMCore/RMCore-Prefix.pch";
				GCC_PREPROCESSOR_DEFINITIONS = (
					"DEBUG=1",
					"$(inherited)",
				);
				GCC_SYMBOLS_PRIVATE_EXTERN = NO;
				GCC_WARN_64_TO_32_BIT_CONVERSION = YES;
				GCC_WARN_ABOUT_RETURN_TYPE = YES;
				GCC_WARN_UNDECLARED_SELECTOR = YES;
				GCC_WARN_UNINITIALIZED_AUTOS = YES;
				GCC_WARN_UNUSED_FUNCTION = YES;
				GCC_WARN_UNUSED_VARIABLE = YES;
				HEADER_SEARCH_PATHS = "$(inherited)";
				IPHONEOS_DEPLOYMENT_TARGET = 8.0;
				ONLY_ACTIVE_ARCH = YES;
				SDKROOT = iphoneos;
			};
			name = Debug;
		};
		94638795174150040023FC7D /* Release */ = {
			isa = XCBuildConfiguration;
			buildSettings = {
				ALWAYS_SEARCH_USER_PATHS = NO;
				CLANG_ANALYZER_LOCALIZABILITY_NONLOCALIZED = YES;
				CLANG_CXX_LANGUAGE_STANDARD = "gnu++0x";
				CLANG_CXX_LIBRARY = "libc++";
				CLANG_ENABLE_OBJC_ARC = YES;
				CLANG_WARN_BLOCK_CAPTURE_AUTORELEASING = YES;
				CLANG_WARN_BOOL_CONVERSION = YES;
				CLANG_WARN_COMMA = YES;
				CLANG_WARN_CONSTANT_CONVERSION = YES;
				CLANG_WARN_DEPRECATED_OBJC_IMPLEMENTATIONS = YES;
				CLANG_WARN_EMPTY_BODY = YES;
				CLANG_WARN_ENUM_CONVERSION = YES;
				CLANG_WARN_INFINITE_RECURSION = YES;
				CLANG_WARN_INT_CONVERSION = YES;
				CLANG_WARN_NON_LITERAL_NULL_CONVERSION = YES;
				CLANG_WARN_OBJC_IMPLICIT_RETAIN_SELF = YES;
				CLANG_WARN_OBJC_LITERAL_CONVERSION = YES;
				CLANG_WARN_RANGE_LOOP_ANALYSIS = YES;
				CLANG_WARN_STRICT_PROTOTYPES = YES;
				CLANG_WARN_SUSPICIOUS_MOVE = YES;
				CLANG_WARN_UNREACHABLE_CODE = YES;
				CLANG_WARN__DUPLICATE_METHOD_MATCH = YES;
				COPY_PHASE_STRIP = YES;
				ENABLE_STRICT_OBJC_MSGSEND = YES;
				GCC_C_LANGUAGE_STANDARD = gnu99;
				GCC_NO_COMMON_BLOCKS = YES;
				GCC_PREFIX_HEADER = "RMCore/RMCore-Prefix.pch";
				GCC_WARN_64_TO_32_BIT_CONVERSION = YES;
				GCC_WARN_ABOUT_RETURN_TYPE = YES;
				GCC_WARN_UNDECLARED_SELECTOR = YES;
				GCC_WARN_UNINITIALIZED_AUTOS = YES;
				GCC_WARN_UNUSED_FUNCTION = YES;
				GCC_WARN_UNUSED_VARIABLE = YES;
				HEADER_SEARCH_PATHS = "$(inherited)";
				IPHONEOS_DEPLOYMENT_TARGET = 8.0;
				SDKROOT = iphoneos;
				VALIDATE_PRODUCT = YES;
			};
			name = Release;
		};
		AF07AE2F1EFAB17400CB9EB4 /* Debug */ = {
			isa = XCBuildConfiguration;
			buildSettings = {
				CLANG_ANALYZER_NONNULL = YES;
				CLANG_ANALYZER_NUMBER_OBJECT_CONVERSION = YES_AGGRESSIVE;
				CLANG_ENABLE_MODULES = YES;
				CLANG_WARN_BOOL_CONVERSION = YES;
				CLANG_WARN_DIRECT_OBJC_ISA_USAGE = YES_ERROR;
				CLANG_WARN_DOCUMENTATION_COMMENTS = YES;
				CLANG_WARN_INFINITE_RECURSION = YES;
				CLANG_WARN_OBJC_ROOT_CLASS = YES_ERROR;
				CLANG_WARN_SUSPICIOUS_MOVE = YES;
				CLANG_WARN_UNREACHABLE_CODE = YES;
				CODE_SIGN_IDENTITY = "";
				"CODE_SIGN_IDENTITY[sdk=iphoneos*]" = "";
				CURRENT_PROJECT_VERSION = 1;
				DEBUG_INFORMATION_FORMAT = dwarf;
				DEFINES_MODULE = YES;
				DYLIB_COMPATIBILITY_VERSION = 1;
				DYLIB_CURRENT_VERSION = 1;
				DYLIB_INSTALL_NAME_BASE = "@rpath";
				ENABLE_STRICT_OBJC_MSGSEND = YES;
				ENABLE_TESTABILITY = YES;
				FRAMEWORK_SEARCH_PATHS = (
					"$(inherited)",
					"$(SRCROOT)/RMCore/Carthage/Build/iOS",
					"$(PROJECT_DIR)",
					"$(PROJECT_DIR)/RMCore/Carthage/Build/iOS",
				);
				GCC_NO_COMMON_BLOCKS = YES;
				GCC_WARN_64_TO_32_BIT_CONVERSION = YES;
				GCC_WARN_ABOUT_RETURN_TYPE = YES_ERROR;
				GCC_WARN_UNDECLARED_SELECTOR = YES;
				GCC_WARN_UNINITIALIZED_AUTOS = YES_AGGRESSIVE;
				GCC_WARN_UNUSED_FUNCTION = YES;
				INFOPLIST_FILE = RMCore/Info.plist;
				INSTALL_PATH = "$(LOCAL_LIBRARY_DIR)/Frameworks";
				IPHONEOS_DEPLOYMENT_TARGET = 10.3;
				LD_RUNPATH_SEARCH_PATHS = "$(inherited) @executable_path/Frameworks @loader_path/Frameworks";
				MTL_ENABLE_DEBUG_INFO = YES;
				PRODUCT_BUNDLE_IDENTIFIER = com.fotidim.RMCore;
				PRODUCT_NAME = "$(TARGET_NAME)";
				SKIP_INSTALL = YES;
				TARGETED_DEVICE_FAMILY = "1,2";
				VERSIONING_SYSTEM = "apple-generic";
				VERSION_INFO_PREFIX = "";
			};
			name = Debug;
		};
		AF07AE301EFAB17400CB9EB4 /* Release */ = {
			isa = XCBuildConfiguration;
			buildSettings = {
				CLANG_ANALYZER_NONNULL = YES;
				CLANG_ANALYZER_NUMBER_OBJECT_CONVERSION = YES_AGGRESSIVE;
				CLANG_ENABLE_MODULES = YES;
				CLANG_WARN_BOOL_CONVERSION = YES;
				CLANG_WARN_DIRECT_OBJC_ISA_USAGE = YES_ERROR;
				CLANG_WARN_DOCUMENTATION_COMMENTS = YES;
				CLANG_WARN_INFINITE_RECURSION = YES;
				CLANG_WARN_OBJC_ROOT_CLASS = YES_ERROR;
				CLANG_WARN_SUSPICIOUS_MOVE = YES;
				CLANG_WARN_UNREACHABLE_CODE = YES;
				CODE_SIGN_IDENTITY = "";
				"CODE_SIGN_IDENTITY[sdk=iphoneos*]" = "";
				COPY_PHASE_STRIP = NO;
				CURRENT_PROJECT_VERSION = 1;
				DEBUG_INFORMATION_FORMAT = "dwarf-with-dsym";
				DEFINES_MODULE = YES;
				DYLIB_COMPATIBILITY_VERSION = 1;
				DYLIB_CURRENT_VERSION = 1;
				DYLIB_INSTALL_NAME_BASE = "@rpath";
				ENABLE_NS_ASSERTIONS = NO;
				ENABLE_STRICT_OBJC_MSGSEND = YES;
				FRAMEWORK_SEARCH_PATHS = (
					"$(inherited)",
					"$(SRCROOT)/RMCore/Carthage/Build/iOS",
					"$(PROJECT_DIR)",
					"$(PROJECT_DIR)/RMCore/Carthage/Build/iOS",
				);
				GCC_NO_COMMON_BLOCKS = YES;
				GCC_WARN_64_TO_32_BIT_CONVERSION = YES;
				GCC_WARN_ABOUT_RETURN_TYPE = YES_ERROR;
				GCC_WARN_UNDECLARED_SELECTOR = YES;
				GCC_WARN_UNINITIALIZED_AUTOS = YES_AGGRESSIVE;
				GCC_WARN_UNUSED_FUNCTION = YES;
				INFOPLIST_FILE = RMCore/Info.plist;
				INSTALL_PATH = "$(LOCAL_LIBRARY_DIR)/Frameworks";
				IPHONEOS_DEPLOYMENT_TARGET = 10.3;
				LD_RUNPATH_SEARCH_PATHS = "$(inherited) @executable_path/Frameworks @loader_path/Frameworks";
				MTL_ENABLE_DEBUG_INFO = NO;
				PRODUCT_BUNDLE_IDENTIFIER = com.fotidim.RMCore;
				PRODUCT_NAME = "$(TARGET_NAME)";
				SKIP_INSTALL = YES;
				TARGETED_DEVICE_FAMILY = "1,2";
				VERSIONING_SYSTEM = "apple-generic";
				VERSION_INFO_PREFIX = "";
			};
			name = Release;
		};
/* End XCBuildConfiguration section */

/* Begin XCConfigurationList section */
		94638783174150040023FC7D /* Build configuration list for PBXProject "RMCore" */ = {
			isa = XCConfigurationList;
			buildConfigurations = (
				94638794174150040023FC7D /* Debug */,
				94638795174150040023FC7D /* Release */,
			);
			defaultConfigurationIsVisible = 0;
			defaultConfigurationName = Release;
		};
		AF07AE2E1EFAB17400CB9EB4 /* Build configuration list for PBXNativeTarget "RMCore" */ = {
			isa = XCConfigurationList;
			buildConfigurations = (
				AF07AE2F1EFAB17400CB9EB4 /* Debug */,
				AF07AE301EFAB17400CB9EB4 /* Release */,
			);
			defaultConfigurationIsVisible = 0;
			defaultConfigurationName = Release;
		};
/* End XCConfigurationList section */
	};
	rootObject = 94638780174150040023FC7D /* Project object */;
}
