<?xml version="1.0" encoding="UTF-8"?>
<Scheme
   LastUpgradeVersion = "0510"
   version = "1.3">
   <BuildAction
      parallelizeBuildables = "YES"
      buildImplicitDependencies = "NO">
      <BuildActionEntries>
         <BuildActionEntry
            buildForTesting = "YES"
            buildForRunning = "YES"
            buildForProfiling = "YES"
            buildForArchiving = "YES"
            buildForAnalyzing = "YES">
            <BuildableReference
               BuildableIdentifier = "primary"
               BlueprintIdentifier = "E7E25AA9160D45E5007171E1"
               BuildableName = "Romo.app"
               BlueprintName = "Romo"
               ReferencedContainer = "container:Romo.xcodeproj">
            </BuildableReference>
         </BuildActionEntry>
      </BuildActionEntries>
   </BuildAction>
   <TestAction
      selectedDebuggerIdentifier = "Xcode.DebuggerFoundation.Debugger.LLDB"
      selectedLauncherIdentifier = "Xcode.DebuggerFoundation.Launcher.LLDB"
      shouldUseLaunchSchemeArgsEnv = "YES"
      buildConfiguration = "Debug">
      <Testables>
         <TestableReference
            skipped = "NO">
            <BuildableReference
               BuildableIdentifier = "primary"
               BlueprintIdentifier = "43AEF18E17E4FE41002B9C62"
               BuildableName = "UI Tests (sim).octest"
               BlueprintName = "UI Tests (sim)"
               ReferencedContainer = "container:Romo.xcodeproj">
            </BuildableReference>
         </TestableReference>
      </Testables>
      <MacroExpansion>
         <BuildableReference
            BuildableIdentifier = "primary"
            BlueprintIdentifier = "E7E25AA9160D45E5007171E1"
            BuildableName = "Romo.app"
            BlueprintName = "Romo"
            ReferencedContainer = "container:Romo.xcodeproj">
         </BuildableReference>
      </MacroExpansion>
   </TestAction>
   <LaunchAction
      selectedDebuggerIdentifier = "Xcode.DebuggerFoundation.Debugger.LLDB"
      selectedLauncherIdentifier = "Xcode.DebuggerFoundation.Launcher.LLDB"
      launchStyle = "0"
      useCustomWorkingDirectory = "NO"
      buildConfiguration = "Debug"
      ignoresPersistentStateOnLaunch = "NO"
      debugDocumentVersioning = "YES"
      allowLocationSimulation = "YES">
      <BuildableProductRunnable>
         <BuildableReference
            BuildableIdentifier = "primary"
            BlueprintIdentifier = "E7E25AA9160D45E5007171E1"
            BuildableName = "Romo.app"
            BlueprintName = "Romo"
            ReferencedContainer = "container:Romo.xcodeproj">
         </BuildableReference>
      </BuildableProductRunnable>
      <EnvironmentVariables>
         <EnvironmentVariable
            key = "XcodeColors"
            value = "NO"
            isEnabled = "YES">
         </EnvironmentVariable>
         <EnvironmentVariable
            key = "INTERACTION_SCRIPT_SERVER"
            value = "nil"
            isEnabled = "YES">
         </EnvironmentVariable>
         <EnvironmentVariable
            key = "ROMO_TELEPRESENCE_SERVER"
            value = "romotive-telepresence.herokuapp.com"
            isEnabled = "YES">
         </EnvironmentVariable>
         <EnvironmentVariable
            key = "ROMO_TELEPRESENCE_WS_PROTOCOL"
            value = "wss"
            isEnabled = "YES">
         </EnvironmentVariable>
         <EnvironmentVariable
            key = "ROMO_LOG_SERVER"
            value = "nil"
            isEnabled = "YES">
         </EnvironmentVariable>
      </EnvironmentVariables>
      <AdditionalOptions>
      </AdditionalOptions>
   </LaunchAction>
   <ProfileAction
      shouldUseLaunchSchemeArgsEnv = "YES"
      savedToolIdentifier = ""
      useCustomWorkingDirectory = "NO"
      buildConfiguration = "Debug"
      debugDocumentVersioning = "YES">
      <BuildableProductRunnable>
         <BuildableReference
            BuildableIdentifier = "primary"
            BlueprintIdentifier = "E7E25AA9160D45E5007171E1"
            BuildableName = "Romo.app"
            BlueprintName = "Romo"
            ReferencedContainer = "container:Romo.xcodeproj">
         </BuildableReference>
      </BuildableProductRunnable>
   </ProfileAction>
   <AnalyzeAction
      buildConfiguration = "Debug">
   </AnalyzeAction>
   <ArchiveAction
      buildConfiguration = "Debug"
      revealArchiveInOrganizer = "YES">
   </ArchiveAction>
</Scheme>
