PODS:
  - CocoaLumberjack (3.4.2):
    - CocoaLumberjack/Default (= 3.4.2)
    - CocoaLumberjack/Extensions (= 3.4.2)
  - CocoaLumberjack/Default (3.4.2)
  - CocoaLumberjack/Extensions (3.4.2):
    - CocoaLumberjack/Default
  - GPUImage (0.1.7)
  - OpenCV (2.4.13.6)
  - RMShared (0.1.0):
    - CocoaLumberjack
    - SocketRocket
  - RMVision (0.1.0):
    - CocoaLumberjack
    - GPUImage
    - OpenCV (~> 2.0)
    - RMShared
  - SocketRocket (0.5.1)

DEPENDENCIES:
  - RMShared (from `../../../RMShared`)
  - RMVision (from `../..`)

SPEC REPOS:
  https://github.com/cocoapods/specs.git:
    - CocoaLumberjack
    - GPUImage
    - OpenCV
    - SocketRocket

EXTERNAL SOURCES:
  RMShared:
    :path: "../../../RMShared"
  RMVision:
    :path: "../.."

SPEC CHECKSUMS:
  CocoaLumberjack: db7cc9e464771f12054c22ff6947c5a58d43a0fd
  GPUImage: 733a5f0fab92df9de1c37ba9df520a833ccb406d
  OpenCV: cd36a3467c21572d658c2640488fe0d5a93ca192
  RMShared: 7f820a63e76082d477a0883959dc6679689bf694
  RMVision: 2fa52b28668b181c2a424e35a5cda52c21d48f25
  SocketRocket: d57c7159b83c3c6655745cd15302aa24b6bae531

PODFILE CHECKSUM: d0a9f38401f4a9752f6c588372d28a8c1ee27037

COCOAPODS: 1.5.3
