PODS:
  - CocoaLumberjack (3.4.2):
    - CocoaLumberjack/Default (= 3.4.2)
    - CocoaLumberjack/Extensions (= 3.4.2)
  - CocoaLumberjack/Default (3.4.2)
  - CocoaLumberjack/Extensions (3.4.2):
    - CocoaLumberjack/Default
  - RMCharacter (0.1.0)
  - RMCore (0.1.0):
    - RMShared
  - RMShared (0.1.0):
    - CocoaLumberjack
    - SocketRocket
  - SocketRocket (0.5.1)

DEPENDENCIES:
  - RMCharacter (from `../../RMCharacter`)
  - RMCore (from `../../RMCore`)
  - RMShared (from `../../RMShared`)

SPEC REPOS:
  https://github.com/cocoapods/specs.git:
    - CocoaLumberjack
    - SocketRocket

EXTERNAL SOURCES:
  RMCharacter:
    :path: "../../RMCharacter"
  RMCore:
    :path: "../../RMCore"
  RMShared:
    :path: "../../RMShared"

SPEC CHECKSUMS:
  CocoaLumberjack: db7cc9e464771f12054c22ff6947c5a58d43a0fd
  RMCharacter: 5711221503fa15dffea19d071c8bd9925ca508bb
  RMCore: 4e644679b6b3ee5bf32c564d8f4da4d9894ffd15
  RMShared: 9449328eb98af57eaef26b2989f56487769fe129
  SocketRocket: d57c7159b83c3c6655745cd15302aa24b6bae531

PODFILE CHECKSUM: 6aa3383f6a13f95807ac7f7199a659971e63619a

COCOAPODS: 1.5.3
