PODS:
  - AFNetworking (2.5.4):
    - AFNetworking/NSURLConnection (= 2.5.4)
    - AFNetworking/NSURLSession (= 2.5.4)
    - AFNetworking/Reachability (= 2.5.4)
    - AFNetworking/Security (= 2.5.4)
    - AFNetworking/Serialization (= 2.5.4)
    - AFNetworking/UIKit (= 2.5.4)
  - AFNetworking/NSURLConnection (2.5.4):
    - AFNetworking/Reachability
    - AFNetworking/Security
    - AFNetworking/Serialization
  - AFNetworking/NSURLSession (2.5.4):
    - AFNetworking/Reachability
    - AFNetworking/Security
    - AFNetworking/Serialization
  - AFNetworking/Reachability (2.5.4)
  - AFNetworking/Security (2.5.4)
  - AFNetworking/Serialization (2.5.4)
  - AFNetworking/UIKit (2.5.4):
    - AFNetworking/NSURLConnection
    - AFNetworking/NSURLSession
  - CocoaLumberjack (3.4.2):
    - CocoaLumberjack/Default (= 3.4.2)
    - CocoaLumberjack/Extensions (= 3.4.2)
  - CocoaLumberjack/Default (3.4.2)
  - CocoaLumberjack/Extensions (3.4.2):
    - CocoaLumberjack/Default
  - GPUImage (0.1.7)
  - OpenCV (2.4.13.6)
  - Romo (0.2.0):
    - CocoaLumberjack
    - Romo/RMCore (= 0.2.0)
    - SocketRocket
    - UIDevice-Hardware
  - Romo/RMCharacter (0.2.0):
    - CocoaLumberjack
    - Romo/RMShared
    - SocketRocket
    - UIDevice-Hardware
  - Romo/RMCore (0.2.0):
    - CocoaLumberjack
    - Romo/RMShared
    - SocketRocket
    - UIDevice-Hardware
  - Romo/RMShared (0.2.0):
    - CocoaLumberjack
    - SocketRocket
    - UIDevice-Hardware
  - Romo/RMVision (0.2.0):
    - CocoaLumberjack
    - GPUImage
    - OpenCV (~> 2.0)
    - Romo/RMShared
    - SocketRocket
    - UIDevice-Hardware
  - SocketRocket (0.5.1)
  - UIDevice-Hardware (0.1.13)

DEPENDENCIES:
  - AFNetworking
  - CocoaLumberjack
  - Romo (from `../SDK`)
  - Romo/RMCharacter (from `../SDK`)
  - Romo/RMCore (from `../SDK`)
  - Romo/RMVision (from `../SDK`)

SPEC REPOS:
  https://github.com/cocoapods/specs.git:
    - AFNetworking
    - CocoaLumberjack
    - GPUImage
    - OpenCV
    - SocketRocket
    - UIDevice-Hardware

EXTERNAL SOURCES:
  Romo:
    :path: "../SDK"

SPEC CHECKSUMS:
  AFNetworking: 05edc0ac4c4c8cf57bcf4b84be5b0744b6d8e71e
  CocoaLumberjack: db7cc9e464771f12054c22ff6947c5a58d43a0fd
  GPUImage: 733a5f0fab92df9de1c37ba9df520a833ccb406d
  OpenCV: cd36a3467c21572d658c2640488fe0d5a93ca192
  Romo: 8bed28b53f39d7c5724ced323e6f76a1a0db2624
  SocketRocket: d57c7159b83c3c6655745cd15302aa24b6bae531
  UIDevice-Hardware: c10ce5703fa8de762079b84236c548cf31223531

PODFILE CHECKSUM: 25fa4c08a3c4f25875d31ab0d8471dfbfdd7fb09

COCOAPODS: 1.5.3
